
Microsoft Visual Studio Solution File, Format Version 12.00
# Visual Studio Version 17
VisualStudioVersion = 17.14.36408.4
MinimumVisualStudioVersion = 10.0.40219.1
Project("{FAE04EC0-301F-11D3-BF4B-00C04F79EFBC}") = "EventAggregator.Orchestrator", "EventAggregator.Orchestrator.csproj", "{AE088521-9CFA-47D4-8900-A7FC295FF3C1}"
EndProject
Project("{FAE04EC0-301F-11D3-BF4B-00C04F79EFBC}") = "EventAggregator.Shared", "..\EventAggregator.Shared\EventAggregator.Shared.csproj", "{0AF0EB85-AD9E-5487-8869-1E39E9E2104F}"
EndProject
Project("{FAE04EC0-301F-11D3-BF4B-00C04F79EFBC}") = "EventAggregator.Shared.Infrastructure", "..\EventAggregator.Shared.Infrastructure\EventAggregator.Shared.Infrastructure.csproj", "{10199AF4-E510-83FB-6C32-0A9926FC9EC2}"
EndProject
Global
	GlobalSection(SolutionConfigurationPlatforms) = preSolution
		Debug|Any CPU = Debug|Any CPU
		Release|Any CPU = Release|Any CPU
	EndGlobalSection
	GlobalSection(ProjectConfigurationPlatforms) = postSolution
		{AE088521-9CFA-47D4-8900-A7FC295FF3C1}.Debug|Any CPU.ActiveCfg = Debug|Any CPU
		{AE088521-9CFA-47D4-8900-A7FC295FF3C1}.Debug|Any CPU.Build.0 = Debug|Any CPU
		{AE088521-9CFA-47D4-8900-A7FC295FF3C1}.Release|Any CPU.ActiveCfg = Release|Any CPU
		{AE088521-9CFA-47D4-8900-A7FC295FF3C1}.Release|Any CPU.Build.0 = Release|Any CPU
		{0AF0EB85-AD9E-5487-8869-1E39E9E2104F}.Debug|Any CPU.ActiveCfg = Debug|Any CPU
		{0AF0EB85-AD9E-5487-8869-1E39E9E2104F}.Debug|Any CPU.Build.0 = Debug|Any CPU
		{0AF0EB85-AD9E-5487-8869-1E39E9E2104F}.Release|Any CPU.ActiveCfg = Release|Any CPU
		{0AF0EB85-AD9E-5487-8869-1E39E9E2104F}.Release|Any CPU.Build.0 = Release|Any CPU
		{10199AF4-E510-83FB-6C32-0A9926FC9EC2}.Debug|Any CPU.ActiveCfg = Debug|Any CPU
		{10199AF4-E510-83FB-6C32-0A9926FC9EC2}.Debug|Any CPU.Build.0 = Debug|Any CPU
		{10199AF4-E510-83FB-6C32-0A9926FC9EC2}.Release|Any CPU.ActiveCfg = Release|Any CPU
		{10199AF4-E510-83FB-6C32-0A9926FC9EC2}.Release|Any CPU.Build.0 = Release|Any CPU
	EndGlobalSection
	GlobalSection(SolutionProperties) = preSolution
		HideSolutionNode = FALSE
	EndGlobalSection
	GlobalSection(ExtensibilityGlobals) = postSolution
		SolutionGuid = {A0679CFE-F69A-4142-9319-4878933B5AD7}
	EndGlobalSection
EndGlobal
